// !$*UTF8*$!
{
	archiveVersion = 1;
	classes = {
	};
	objectVersion = 48;
	objects = {

/* Begin PBXBuildFile section */
		5D279E8520246C2900352D07 /* AppDelegate.swift in Sources */ = {isa = PBXBuildFile; fileRef = 5D279E8420246C2900352D07 /* AppDelegate.swift */; };
		5D279E8720246C2900352D07 /* ViewController.swift in Sources */ = {isa = PBXBuildFile; fileRef = 5D279E8620246C2900352D07 /* ViewController.swift */; };
		5D279E8A20246C2900352D07 /* Main.storyboard in Resources */ = {isa = PBXBuildFile; fileRef = 5D279E8820246C2900352D07 /* Main.storyboard */; };
		5D279E8C20246C2900352D07 /* Assets.xcassets in Resources */ = {isa = PBXBuildFile; fileRef = 5D279E8B20246C2900352D07 /* Assets.xcassets */; };
		5D279E8F20246C2900352D07 /* LaunchScreen.storyboard in Resources */ = {isa = PBXBuildFile; fileRef = 5D279E8D20246C2900352D07 /* LaunchScreen.storyboard */; };
		5D279E9720246C5500352D07 /* Anchrt.swift in Sources */ = {isa = PBXBuildFile; fileRef = 5D279E9620246C5500352D07 /* Anchrt.swift */; };
		5D279E9A20246D6300352D07 /* CollectionViewCollectionCell.swift in Sources */ = {isa = PBXBuildFile; fileRef = 5D279E9920246D6300352D07 /* CollectionViewCollectionCell.swift */; };
		5D279E9D2024708500352D07 /* NestedCollectionViewsCell.swift in Sources */ = {isa = PBXBuildFile; fileRef = 5D279E9C2024708500352D07 /* NestedCollectionViewsCell.swift */; };
/* End PBXBuildFile section */

/* Begin PBXFileReference section */
		5D279E8120246C2900352D07 /* UICollectionViewPlayGround.app */ = {isa = PBXFileReference; explicitFileType = wrapper.application; includeInIndex = 0; path = UICollectionViewPlayGround.app; sourceTree = BUILT_PRODUCTS_DIR; };
		5D279E8420246C2900352D07 /* AppDelegate.swift */ = {isa = PBXFileReference; lastKnownFileType = sourcecode.swift; path = AppDelegate.swift; sourceTree = "<group>"; };
		5D279E8620246C2900352D07 /* ViewController.swift */ = {isa = PBXFileReference; lastKnownFileType = sourcecode.swift; path = ViewController.swift; sourceTree = "<group>"; };
		5D279E8920246C2900352D07 /* Base */ = {isa = PBXFileReference; lastKnownFileType = file.storyboard; name = Base; path = Base.lproj/Main.storyboard; sourceTree = "<group>"; };
		5D279E8B20246C2900352D07 /* Assets.xcassets */ = {isa = PBXFileReference; lastKnownFileType = folder.assetcatalog; path = Assets.xcassets; sourceTree = "<group>"; };
		5D279E8E20246C2900352D07 /* Base */ = {isa = PBXFileReference; lastKnownFileType = file.storyboard; name = Base; path = Base.lproj/LaunchScreen.storyboard; sourceTree = "<group>"; };
		5D279E9020246C2900352D07 /* Info.plist */ = {isa = PBXFileReference; lastKnownFileType = text.plist.xml; path = Info.plist; sourceTree = "<group>"; };
		5D279E9620246C5500352D07 /* Anchrt.swift */ = {isa = PBXFileReference; lastKnownFileType = sourcecode.swift; path = Anchrt.swift; sourceTree = "<group>"; };
		5D279E9920246D6300352D07 /* CollectionViewCollectionCell.swift */ = {isa = PBXFileReference; lastKnownFileType = sourcecode.swift; path = CollectionViewCollectionCell.swift; sourceTree = "<group>"; };
		5D279E9C2024708500352D07 /* NestedCollectionViewsCell.swift */ = {isa = PBXFileReference; lastKnownFileType = sourcecode.swift; path = NestedCollectionViewsCell.swift; sourceTree = "<group>"; };
/* End PBXFileReference section */

/* Begin PBXFrameworksBuildPhase section */
		5D279E7E20246C2900352D07 /* Frameworks */ = {
			isa = PBXFrameworksBuildPhase;
			buildActionMask = 2147483647;
			files = (
			);
			runOnlyForDeploymentPostprocessing = 0;
		};
/* End PBXFrameworksBuildPhase section */

/* Begin PBXGroup section */
		5D279E7820246C2900352D07 = {
			isa = PBXGroup;
			children = (
				5D279E8320246C2900352D07 /* UICollectionViewPlayGround */,
				5D279E8220246C2900352D07 /* Products */,
			);
			sourceTree = "<group>";
		};
		5D279E8220246C2900352D07 /* Products */ = {
			isa = PBXGroup;
			children = (
				5D279E8120246C2900352D07 /* UICollectionViewPlayGround.app */,
			);
			name = Products;
			sourceTree = "<group>";
		};
		5D279E8320246C2900352D07 /* UICollectionViewPlayGround */ = {
			isa = PBXGroup;
			children = (
				5D279E9B2024705700352D07 /* NestedCollectionViewsCell */,
				5D279E9820246D3F00352D07 /* CollectionViewCollectionCell */,
				5D279E8420246C2900352D07 /* AppDelegate.swift */,
				5D279E8620246C2900352D07 /* ViewController.swift */,
				5D279E9620246C5500352D07 /* Anchrt.swift */,
				5D279E8820246C2900352D07 /* Main.storyboard */,
				5D279E8B20246C2900352D07 /* Assets.xcassets */,
				5D279E8D20246C2900352D07 /* LaunchScreen.storyboard */,
				5D279E9020246C2900352D07 /* Info.plist */,
			);
			path = UICollectionViewPlayGround;
			sourceTree = "<group>";
		};
		5D279E9820246D3F00352D07 /* CollectionViewCollectionCell */ = {
			isa = PBXGroup;
			children = (
				5D279E9920246D6300352D07 /* CollectionViewCollectionCell.swift */,
			);
			path = CollectionViewCollectionCell;
			sourceTree = "<group>";
		};
		5D279E9B2024705700352D07 /* NestedCollectionViewsCell */ = {
			isa = PBXGroup;
			children = (
				5D279E9C2024708500352D07 /* NestedCollectionViewsCell.swift */,
			);
			path = NestedCollectionViewsCell;
			sourceTree = "<group>";
		};
/* End PBXGroup section */

/* Begin PBXNativeTarget section */
		5D279E8020246C2900352D07 /* UICollectionViewPlayGround */ = {
			isa = PBXNativeTarget;
			buildConfigurationList = 5D279E9320246C2900352D07 /* Build configuration list for PBXNativeTarget "UICollectionViewPlayGround" */;
			buildPhases = (
				5D279E7D20246C2900352D07 /* Sources */,
				5D279E7E20246C2900352D07 /* Frameworks */,
				5D279E7F20246C2900352D07 /* Resources */,
			);
			buildRules = (
			);
			dependencies = (
			);
			name = UICollectionViewPlayGround;
			productName = UICollectionViewPlayGround;
			productReference = 5D279E8120246C2900352D07 /* UICollectionViewPlayGround.app */;
			productType = "com.apple.product-type.application";
		};
/* End PBXNativeTarget section */

/* Begin PBXProject section */
		5D279E7920246C2900352D07 /* Project object */ = {
			isa = PBXProject;
			attributes = {
				LastSwiftUpdateCheck = 0920;
				LastUpgradeCheck = 0920;
				ORGANIZATIONNAME = Albin.git;
				TargetAttributes = {
					5D279E8020246C2900352D07 = {
						CreatedOnToolsVersion = 9.2;
						ProvisioningStyle = Automatic;
					};
				};
			};
			buildConfigurationList = 5D279E7C20246C2900352D07 /* Build configuration list for PBXProject "UICollectionViewPlayGround" */;
			compatibilityVersion = "Xcode 8.0";
			developmentRegion = en;
			hasScannedForEncodings = 0;
			knownRegions = (
				en,
				Base,
			);
			mainGroup = 5D279E7820246C2900352D07;
			productRefGroup = 5D279E8220246C2900352D07 /* Products */;
			projectDirPath = "";
			projectRoot = "";
			targets = (
				5D279E8020246C2900352D07 /* UICollectionViewPlayGround */,
			);
		};
/* End PBXProject section */

/* Begin PBXResourcesBuildPhase section */
		5D279E7F20246C2900352D07 /* Resources */ = {
			isa = PBXResourcesBuildPhase;
			buildActionMask = 2147483647;
			files = (
				5D279E8F20246C2900352D07 /* LaunchScreen.storyboard in Resources */,
				5D279E8C20246C2900352D07 /* Assets.xcassets in Resources */,
				5D279E8A20246C2900352D07 /* Main.storyboard in Resources */,
			);
			runOnlyForDeploymentPostprocessing = 0;
		};
/* End PBXResourcesBuildPhase section */

/* Begin PBXSourcesBuildPhase section */
		5D279E7D20246C2900352D07 /* Sources */ = {
			isa = PBXSourcesBuildPhase;
			buildActionMask = 2147483647;
			files = (
				5D279E9D2024708500352D07 /* NestedCollectionViewsCell.swift in Sources */,
				5D279E9A20246D6300352D07 /* CollectionViewCollectionCell.swift in Sources */,
				5D279E9720246C5500352D07 /* Anchrt.swift in Sources */,
				5D279E8720246C2900352D07 /* ViewController.swift in Sources */,
				5D279E8520246C2900352D07 /* AppDelegate.swift in Sources */,
			);
			runOnlyForDeploymentPostprocessing = 0;
		};
/* End PBXSourcesBuildPhase section */

/* Begin PBXVariantGroup section */
		5D279E8820246C2900352D07 /* Main.storyboard */ = {
			isa = PBXVariantGroup;
			children = (
				5D279E8920246C2900352D07 /* Base */,
			);
			name = Main.storyboard;
			sourceTree = "<group>";
		};
		5D279E8D20246C2900352D07 /* LaunchScreen.storyboard */ = {
			isa = PBXVariantGroup;
			children = (
				5D279E8E20246C2900352D07 /* Base */,
			);
			name = LaunchScreen.storyboard;
			sourceTree = "<group>";
		};
/* End PBXVariantGroup section */

/* Begin XCBuildConfiguration section */
		5D279E9120246C2900352D07 /* Debug */ = {
			isa = XCBuildConfiguration;
			buildSettings = {
				ALWAYS_SEARCH_USER_PATHS = NO;
				CLANG_ANALYZER_NONNULL = YES;
				CLANG_ANALYZER_NUMBER_OBJECT_CONVERSION = YES_AGGRESSIVE;
				CLANG_CXX_LANGUAGE_STANDARD = "gnu++14";
				CLANG_CXX_LIBRARY = "libc++";
				CLANG_ENABLE_MODULES = YES;
				CLANG_ENABLE_OBJC_ARC = YES;
				CLANG_WARN_BLOCK_CAPTURE_AUTORELEASING = YES;
				CLANG_WARN_BOOL_CONVERSION = YES;
				CLANG_WARN_COMMA = YES;
				CLANG_WARN_CONSTANT_CONVERSION = YES;
				CLANG_WARN_DIRECT_OBJC_ISA_USAGE = YES_ERROR;
				CLANG_WARN_DOCUMENTATION_COMMENTS = YES;
				CLANG_WARN_EMPTY_BODY = YES;
				CLANG_WARN_ENUM_CONVERSION = YES;
				CLANG_WARN_INFINITE_RECURSION = YES;
				CLANG_WARN_INT_CONVERSION = YES;
				CLANG_WARN_NON_LITERAL_NULL_CONVERSION = YES;
				CLANG_WARN_OBJC_LITERAL_CONVERSION = YES;
				CLANG_WARN_OBJC_ROOT_CLASS = YES_ERROR;
				CLANG_WARN_RANGE_LOOP_ANALYSIS = YES;
				CLANG_WARN_STRICT_PROTOTYPES = YES;
				CLANG_WARN_SUSPICIOUS_MOVE = YES;
				CLANG_WARN_UNGUARDED_AVAILABILITY = YES_AGGRESSIVE;
				CLANG_WARN_UNREACHABLE_CODE = YES;
				CLANG_WARN__DUPLICATE_METHOD_MATCH = YES;
				CODE_SIGN_IDENTITY = "iPhone Developer";
				COPY_PHASE_STRIP = NO;
				DEBUG_INFORMATION_FORMAT = dwarf;
				ENABLE_STRICT_OBJC_MSGSEND = YES;
				ENABLE_TESTABILITY = YES;
				GCC_C_LANGUAGE_STANDARD = gnu11;
				GCC_DYNAMIC_NO_PIC = NO;
				GCC_NO_COMMON_BLOCKS = YES;
				GCC_OPTIMIZATION_LEVEL = 0;
				GCC_PREPROCESSOR_DEFINITIONS = (
					"DEBUG=1",
					"$(inherited)",
				);
				GCC_WARN_64_TO_32_BIT_CONVERSION = YES;
				GCC_WARN_ABOUT_RETURN_TYPE = YES_ERROR;
				GCC_WARN_UNDECLARED_SELECTOR = YES;
				GCC_WARN_UNINITIALIZED_AUTOS = YES_AGGRESSIVE;
				GCC_WARN_UNUSED_FUNCTION = YES;
				GCC_WARN_UNUSED_VARIABLE = YES;
				IPHONEOS_DEPLOYMENT_TARGET = 11.2;
				MTL_ENABLE_DEBUG_INFO = YES;
				ONLY_ACTIVE_ARCH = YES;
				SDKROOT = iphoneos;
				SWIFT_ACTIVE_COMPILATION_CONDITIONS = DEBUG;
				SWIFT_OPTIMIZATION_LEVEL = "-Onone";
			};
			name = Debug;
		};
		5D279E9220246C2900352D07 /* Release */ = {
			isa = XCBuildConfiguration;
			buildSettings = {
				ALWAYS_SEARCH_USER_PATHS = NO;
				CLANG_ANALYZER_NONNULL = YES;
				CLANG_ANALYZER_NUMBER_OBJECT_CONVERSION = YES_AGGRESSIVE;
				CLANG_CXX_LANGUAGE_STANDARD = "gnu++14";
				CLANG_CXX_LIBRARY = "libc++";
				CLANG_ENABLE_MODULES = YES;
				CLANG_ENABLE_OBJC_ARC = YES;
				CLANG_WARN_BLOCK_CAPTURE_AUTORELEASING = YES;
				CLANG_WARN_BOOL_CONVERSION = YES;
				CLANG_WARN_COMMA = YES;
				CLANG_WARN_CONSTANT_CONVERSION = YES;
				CLANG_WARN_DIRECT_OBJC_ISA_USAGE = YES_ERROR;
				CLANG_WARN_DOCUMENTATION_COMMENTS = YES;
				CLANG_WARN_EMPTY_BODY = YES;
				CLANG_WARN_ENUM_CONVERSION = YES;
				CLANG_WARN_INFINITE_RECURSION = YES;
				CLANG_WARN_INT_CONVERSION = YES;
				CLANG_WARN_NON_LITERAL_NULL_CONVERSION = YES;
				CLANG_WARN_OBJC_LITERAL_CONVERSION = YES;
				CLANG_WARN_OBJC_ROOT_CLASS = YES_ERROR;
				CLANG_WARN_RANGE_LOOP_ANALYSIS = YES;
				CLANG_WARN_STRICT_PROTOTYPES = YES;
				CLANG_WARN_SUSPICIOUS_MOVE = YES;
				CLANG_WARN_UNGUARDED_AVAILABILITY = YES_AGGRESSIVE;
				CLANG_WARN_UNREACHABLE_CODE = YES;
				CLANG_WARN__DUPLICATE_METHOD_MATCH = YES;
				CODE_SIGN_IDENTITY = "iPhone Developer";
				COPY_PHASE_STRIP = NO;
				DEBUG_INFORMATION_FORMAT = "dwarf-with-dsym";
				ENABLE_NS_ASSERTIONS = NO;
				ENABLE_STRICT_OBJC_MSGSEND = YES;
				GCC_C_LANGUAGE_STANDARD = gnu11;
				GCC_NO_COMMON_BLOCKS = YES;
				GCC_WARN_64_TO_32_BIT_CONVERSION = YES;
				GCC_WARN_ABOUT_RETURN_TYPE = YES_ERROR;
				GCC_WARN_UNDECLARED_SELECTOR = YES;
				GCC_WARN_UNINITIALIZED_AUTOS = YES_AGGRESSIVE;
				GCC_WARN_UNUSED_FUNCTION = YES;
				GCC_WARN_UNUSED_VARIABLE = YES;
				IPHONEOS_DEPLOYMENT_TARGET = 11.2;
				MTL_ENABLE_DEBUG_INFO = NO;
				SDKROOT = iphoneos;
				SWIFT_OPTIMIZATION_LEVEL = "-Owholemodule";
				VALIDATE_PRODUCT = YES;
			};
			name = Release;
		};
		5D279E9420246C2900352D07 /* Debug */ = {
			isa = XCBuildConfiguration;
			buildSettings = {
				ASSETCATALOG_COMPILER_APPICON_NAME = AppIcon;
				CODE_SIGN_STYLE = Automatic;
				DEVELOPMENT_TEAM = 8AG3F685RU;
				INFOPLIST_FILE = UICollectionViewPlayGround/Info.plist;
				LD_RUNPATH_SEARCH_PATHS = "$(inherited) @executable_path/Frameworks";
				PRODUCT_BUNDLE_IDENTIFIER = www.ct.cr.UICollectionViewPlayGround;
				PRODUCT_NAME = "$(TARGET_NAME)";
				SWIFT_VERSION = 4.0;
				TARGETED_DEVICE_FAMILY = "1,2";
			};
			name = Debug;
		};
		5D279E9520246C2900352D07 /* Release */ = {
			isa = XCBuildConfiguration;
			buildSettings = {
				ASSETCATALOG_COMPILER_APPICON_NAME = AppIcon;
				CODE_SIGN_STYLE = Automatic;
				DEVELOPMENT_TEAM = 8AG3F685RU;
				INFOPLIST_FILE = UICollectionViewPlayGround/Info.plist;
				LD_RUNPATH_SEARCH_PATHS = "$(inherited) @executable_path/Frameworks";
				PRODUCT_BUNDLE_IDENTIFIER = www.ct.cr.UICollectionViewPlayGround;
				PRODUCT_NAME = "$(TARGET_NAME)";
				SWIFT_VERSION = 4.0;
				TARGETED_DEVICE_FAMILY = "1,2";
			};
			name = Release;
		};
/* End XCBuildConfiguration section */

/* Begin XCConfigurationList section */
		5D279E7C20246C2900352D07 /* Build configuration list for PBXProject "UICollectionViewPlayGround" */ = {
			isa = XCConfigurationList;
			buildConfigurations = (
				5D279E9120246C2900352D07 /* Debug */,
				5D279E9220246C2900352D07 /* Release */,
			);
			defaultConfigurationIsVisible = 0;
			defaultConfigurationName = Release;
		};
		5D279E9320246C2900352D07 /* Build configuration list for PBXNativeTarget "UICollectionViewPlayGround" */ = {
			isa = XCConfigurationList;
			buildConfigurations = (
				5D279E9420246C2900352D07 /* Debug */,
				5D279E9520246C2900352D07 /* Release */,
			);
			defaultConfigurationIsVisible = 0;
			defaultConfigurationName = Release;
		};
/* End XCConfigurationList section */
	};
	rootObject = 5D279E7920246C2900352D07 /* Project object */;
}
